
Microsoft Visual Studio Solution File, Format Version 12.00
# Visual Studio Version 17
VisualStudioVersion = 17.11.35327.3
MinimumVisualStudioVersion = 10.0.40219.1
Project("{FAE04EC0-301F-11D3-BF4B-00C04F79EFBC}") = "CombatTracker", "CombatTracker.csproj", "{3696EF0D-AB95-4CA6-834A-23882828924E}"
EndProject
Global
	GlobalSection(SolutionConfigurationPlatforms) = preSolution
		Debug|Any CPU = Debug|Any CPU
		Release|Any CPU = Release|Any CPU
	EndGlobalSection
	GlobalSection(ProjectConfigurationPlatforms) = postSolution
		{3696EF0D-AB95-4CA6-834A-23882828924E}.Debug|Any CPU.ActiveCfg = Debug|Any CPU
		{3696EF0D-AB95-4CA6-834A-23882828924E}.Debug|Any CPU.Build.0 = Debug|Any CPU
		{3696EF0D-AB95-4CA6-834A-23882828924E}.Debug|Any CPU.Deploy.0 = Debug|Any CPU
		{3696EF0D-AB95-4CA6-834A-23882828924E}.Release|Any CPU.ActiveCfg = Release|Any CPU
		{3696EF0D-AB95-4CA6-834A-23882828924E}.Release|Any CPU.Build.0 = Release|Any CPU
		{3696EF0D-AB95-4CA6-834A-23882828924E}.Release|Any CPU.Deploy.0 = Release|Any CPU
	EndGlobalSection
	GlobalSection(SolutionProperties) = preSolution
		HideSolutionNode = FALSE
	EndGlobalSection
	GlobalSection(ExtensibilityGlobals) = postSolution
		SolutionGuid = {FBC6CA59-7EC2-4E27-928A-53D72EFA4337}
	EndGlobalSection
EndGlobal
